
Microsoft Visual Studio Solution File, Format Version 12.00
# Visual Studio Version 16
VisualStudioVersion = 16.0.29020.237
MinimumVisualStudioVersion = 10.0.40219.1
Project("{FAE04EC0-301F-11D3-BF4B-00C04F79EFBC}") = "2_7", "2_7\2_7.csproj", "{5025BEF0-FDA3-4084-96AD-281690DF188E}"
EndProject
Global
	GlobalSection(SolutionConfigurationPlatforms) = preSolution
		Debug|Any CPU = Debug|Any CPU
		Release|Any CPU = Release|Any CPU
	EndGlobalSection
	GlobalSection(ProjectConfigurationPlatforms) = postSolution
		{5025BEF0-FDA3-4084-96AD-281690DF188E}.Debug|Any CPU.ActiveCfg = Debug|Any CPU
		{5025BEF0-FDA3-4084-96AD-281690DF188E}.Debug|Any CPU.Build.0 = Debug|Any CPU
		{5025BEF0-FDA3-4084-96AD-281690DF188E}.Release|Any CPU.ActiveCfg = Release|Any CPU
		{5025BEF0-FDA3-4084-96AD-281690DF188E}.Release|Any CPU.Build.0 = Release|Any CPU
	EndGlobalSection
	GlobalSection(SolutionProperties) = preSolution
		HideSolutionNode = FALSE
	EndGlobalSection
	GlobalSection(ExtensibilityGlobals) = postSolution
		SolutionGuid = {78382D9D-F534-4822-B2B6-9B9FE2955FEF}
	EndGlobalSection
EndGlobal
