
Microsoft Visual Studio Solution File, Format Version 12.00
# Visual Studio Version 16
VisualStudioVersion = 16.0.29020.237
MinimumVisualStudioVersion = 10.0.40219.1
Project("{FAE04EC0-301F-11D3-BF4B-00C04F79EFBC}") = "WindowsFormsApp1", "WindowsFormsApp1\WindowsFormsApp1.csproj", "{7A543CBA-EAB6-4909-B790-3E8BAAE4871C}"
EndProject
Global
	GlobalSection(SolutionConfigurationPlatforms) = preSolution
		Debug|Any CPU = Debug|Any CPU
		Release|Any CPU = Release|Any CPU
	EndGlobalSection
	GlobalSection(ProjectConfigurationPlatforms) = postSolution
		{7A543CBA-EAB6-4909-B790-3E8BAAE4871C}.Debug|Any CPU.ActiveCfg = Debug|Any CPU
		{7A543CBA-EAB6-4909-B790-3E8BAAE4871C}.Debug|Any CPU.Build.0 = Debug|Any CPU
		{7A543CBA-EAB6-4909-B790-3E8BAAE4871C}.Release|Any CPU.ActiveCfg = Release|Any CPU
		{7A543CBA-EAB6-4909-B790-3E8BAAE4871C}.Release|Any CPU.Build.0 = Release|Any CPU
	EndGlobalSection
	GlobalSection(SolutionProperties) = preSolution
		HideSolutionNode = FALSE
	EndGlobalSection
	GlobalSection(ExtensibilityGlobals) = postSolution
		SolutionGuid = {DD77F4FD-2EBC-418E-A29F-69A4B43559F7}
	EndGlobalSection
EndGlobal
