
Microsoft Visual Studio Solution File, Format Version 12.00
# Visual Studio Version 16
VisualStudioVersion = 16.0.28922.388
MinimumVisualStudioVersion = 10.0.40219.1
Project("{FAE04EC0-301F-11D3-BF4B-00C04F79EFBC}") = "WindowsFormsApp1", "WindowsFormsApp1\WindowsFormsApp1.csproj", "{8ED6A1F3-9B8B-4670-94B9-2AA9F52F8315}"
EndProject
Global
	GlobalSection(SolutionConfigurationPlatforms) = preSolution
		Debug|Any CPU = Debug|Any CPU
		Release|Any CPU = Release|Any CPU
	EndGlobalSection
	GlobalSection(ProjectConfigurationPlatforms) = postSolution
		{8ED6A1F3-9B8B-4670-94B9-2AA9F52F8315}.Debug|Any CPU.ActiveCfg = Debug|Any CPU
		{8ED6A1F3-9B8B-4670-94B9-2AA9F52F8315}.Debug|Any CPU.Build.0 = Debug|Any CPU
		{8ED6A1F3-9B8B-4670-94B9-2AA9F52F8315}.Release|Any CPU.ActiveCfg = Release|Any CPU
		{8ED6A1F3-9B8B-4670-94B9-2AA9F52F8315}.Release|Any CPU.Build.0 = Release|Any CPU
	EndGlobalSection
	GlobalSection(SolutionProperties) = preSolution
		HideSolutionNode = FALSE
	EndGlobalSection
	GlobalSection(ExtensibilityGlobals) = postSolution
		SolutionGuid = {27DEC135-7D48-4B0D-87D4-9B9C9AF91C46}
	EndGlobalSection
EndGlobal
